{
  "sources": {
    "ktc-rsyslog": {
      "path": "."
    },
    "chef-solo-search": {
      "locked_version": "0.4.0",
      "git": "git://github.com/edelight/chef-solo-search.git",
      "ref": "a28e7f25ab4afb53f9a55dd49d8b1277d0374c29"
    },
    "hostsfile": {
      "locked_version": "2.0.0"
    },
    "rsyslog": {
      "locked_version": "1.6.0"
    }
  }
}
